// !$*UTF8*$!
{
	archiveVersion = 1;
	classes = {
	};
	objectVersion = 46;
	objects = {

/* Begin PBXBuildFile section */
		3FA0E0351AB1F1FB00802D0A /* AppDelegate.swift in Sources */ = {isa = PBXBuildFile; fileRef = 3FA0E0341AB1F1FB00802D0A /* AppDelegate.swift */; };
		3FA0E03C1AB1F1FB00802D0A /* Images.xcassets in Resources */ = {isa = PBXBuildFile; fileRef = 3FA0E03B1AB1F1FB00802D0A /* Images.xcassets */; };
		3FA0E03F1AB1F1FB00802D0A /* LaunchScreen.xib in Resources */ = {isa = PBXBuildFile; fileRef = 3FA0E03D1AB1F1FB00802D0A /* LaunchScreen.xib */; };
		3FA0E04B1AB1F1FB00802D0A /* WakerCentralTests.swift in Sources */ = {isa = PBXBuildFile; fileRef = 3FA0E04A1AB1F1FB00802D0A /* WakerCentralTests.swift */; };
		3FA0E0611AB3746700802D0A /* MainMenuVController.swift in Sources */ = {isa = PBXBuildFile; fileRef = 3FA0E05F1AB3746700802D0A /* MainMenuVController.swift */; };
		3FA0E0621AB3746700802D0A /* MainMenuVController.xib in Resources */ = {isa = PBXBuildFile; fileRef = 3FA0E0601AB3746700802D0A /* MainMenuVController.xib */; };
		3FA0E0661AB374AB00802D0A /* ByThisTimeVController.swift in Sources */ = {isa = PBXBuildFile; fileRef = 3FA0E0641AB374AB00802D0A /* ByThisTimeVController.swift */; };
		3FA0E0671AB374AB00802D0A /* ByThisTimeVController.xib in Resources */ = {isa = PBXBuildFile; fileRef = 3FA0E0651AB374AB00802D0A /* ByThisTimeVController.xib */; };
		FF399A281AB351DC00F70316 /* alarm_classic.mp3 in Resources */ = {isa = PBXBuildFile; fileRef = FF399A251AB351DC00F70316 /* alarm_classic.mp3 */; };
		FF399A291AB351DC00F70316 /* alarm_sound.mp3 in Resources */ = {isa = PBXBuildFile; fileRef = FF399A261AB351DC00F70316 /* alarm_sound.mp3 */; };
		FF399A2A1AB351DC00F70316 /* alarm.mp3 in Resources */ = {isa = PBXBuildFile; fileRef = FF399A271AB351DC00F70316 /* alarm.mp3 */; };
/* End PBXBuildFile section */

/* Begin PBXContainerItemProxy section */
		3FA0E0451AB1F1FB00802D0A /* PBXContainerItemProxy */ = {
			isa = PBXContainerItemProxy;
			containerPortal = 3FA0E0271AB1F1FB00802D0A /* Project object */;
			proxyType = 1;
			remoteGlobalIDString = 3FA0E02E1AB1F1FB00802D0A;
			remoteInfo = WakerCentral;
		};
/* End PBXContainerItemProxy section */

/* Begin PBXFileReference section */
		3FA0E02F1AB1F1FB00802D0A /* WakerCentral.app */ = {isa = PBXFileReference; explicitFileType = wrapper.application; includeInIndex = 0; path = WakerCentral.app; sourceTree = BUILT_PRODUCTS_DIR; };
		3FA0E0331AB1F1FB00802D0A /* Info.plist */ = {isa = PBXFileReference; lastKnownFileType = text.plist.xml; path = Info.plist; sourceTree = "<group>"; };
		3FA0E0341AB1F1FB00802D0A /* AppDelegate.swift */ = {isa = PBXFileReference; lastKnownFileType = sourcecode.swift; path = AppDelegate.swift; sourceTree = "<group>"; };
		3FA0E03B1AB1F1FB00802D0A /* Images.xcassets */ = {isa = PBXFileReference; lastKnownFileType = folder.assetcatalog; path = Images.xcassets; sourceTree = "<group>"; };
		3FA0E03E1AB1F1FB00802D0A /* Base */ = {isa = PBXFileReference; lastKnownFileType = file.xib; name = Base; path = Base.lproj/LaunchScreen.xib; sourceTree = "<group>"; };
		3FA0E0441AB1F1FB00802D0A /* WakerCentralTests.xctest */ = {isa = PBXFileReference; explicitFileType = wrapper.cfbundle; includeInIndex = 0; path = WakerCentralTests.xctest; sourceTree = BUILT_PRODUCTS_DIR; };
		3FA0E0491AB1F1FB00802D0A /* Info.plist */ = {isa = PBXFileReference; lastKnownFileType = text.plist.xml; path = Info.plist; sourceTree = "<group>"; };
		3FA0E04A1AB1F1FB00802D0A /* WakerCentralTests.swift */ = {isa = PBXFileReference; lastKnownFileType = sourcecode.swift; path = WakerCentralTests.swift; sourceTree = "<group>"; };
		3FA0E05F1AB3746700802D0A /* MainMenuVController.swift */ = {isa = PBXFileReference; fileEncoding = 4; lastKnownFileType = sourcecode.swift; path = MainMenuVController.swift; sourceTree = "<group>"; };
		3FA0E0601AB3746700802D0A /* MainMenuVController.xib */ = {isa = PBXFileReference; fileEncoding = 4; lastKnownFileType = file.xib; path = MainMenuVController.xib; sourceTree = "<group>"; };
		3FA0E0641AB374AB00802D0A /* ByThisTimeVController.swift */ = {isa = PBXFileReference; fileEncoding = 4; lastKnownFileType = sourcecode.swift; path = ByThisTimeVController.swift; sourceTree = "<group>"; };
		3FA0E0651AB374AB00802D0A /* ByThisTimeVController.xib */ = {isa = PBXFileReference; fileEncoding = 4; lastKnownFileType = file.xib; path = ByThisTimeVController.xib; sourceTree = "<group>"; };
		FF399A251AB351DC00F70316 /* alarm_classic.mp3 */ = {isa = PBXFileReference; lastKnownFileType = audio.mp3; path = alarm_classic.mp3; sourceTree = "<group>"; };
		FF399A261AB351DC00F70316 /* alarm_sound.mp3 */ = {isa = PBXFileReference; lastKnownFileType = audio.mp3; path = alarm_sound.mp3; sourceTree = "<group>"; };
		FF399A271AB351DC00F70316 /* alarm.mp3 */ = {isa = PBXFileReference; lastKnownFileType = audio.mp3; path = alarm.mp3; sourceTree = "<group>"; };
/* End PBXFileReference section */

/* Begin PBXFrameworksBuildPhase section */
		3FA0E02C1AB1F1FB00802D0A /* Frameworks */ = {
			isa = PBXFrameworksBuildPhase;
			buildActionMask = 2147483647;
			files = (
			);
			runOnlyForDeploymentPostprocessing = 0;
		};
		3FA0E0411AB1F1FB00802D0A /* Frameworks */ = {
			isa = PBXFrameworksBuildPhase;
			buildActionMask = 2147483647;
			files = (
			);
			runOnlyForDeploymentPostprocessing = 0;
		};
/* End PBXFrameworksBuildPhase section */

/* Begin PBXGroup section */
		3FA0E0261AB1F1FB00802D0A = {
			isa = PBXGroup;
			children = (
				3FA0E0311AB1F1FB00802D0A /* WakerCentral */,
				3FA0E0471AB1F1FB00802D0A /* WakerCentralTests */,
				3FA0E0301AB1F1FB00802D0A /* Products */,
			);
			sourceTree = "<group>";
		};
		3FA0E0301AB1F1FB00802D0A /* Products */ = {
			isa = PBXGroup;
			children = (
				3FA0E02F1AB1F1FB00802D0A /* WakerCentral.app */,
				3FA0E0441AB1F1FB00802D0A /* WakerCentralTests.xctest */,
			);
			name = Products;
			sourceTree = "<group>";
		};
		3FA0E0311AB1F1FB00802D0A /* WakerCentral */ = {
			isa = PBXGroup;
			children = (
				3FA0E0341AB1F1FB00802D0A /* AppDelegate.swift */,
				3FA0E0631AB3747C00802D0A /* ByThisTime */,
				FF399A2B1AB3526400F70316 /* Sounds */,
				3FA0E03B1AB1F1FB00802D0A /* Images.xcassets */,
				3FA0E05E1AB3744A00802D0A /* MainMenu */,
				3FA0E03D1AB1F1FB00802D0A /* LaunchScreen.xib */,
				3FA0E0321AB1F1FB00802D0A /* Supporting Files */,
			);
			path = WakerCentral;
			sourceTree = "<group>";
		};
		3FA0E0321AB1F1FB00802D0A /* Supporting Files */ = {
			isa = PBXGroup;
			children = (
				3FA0E0331AB1F1FB00802D0A /* Info.plist */,
			);
			name = "Supporting Files";
			sourceTree = "<group>";
		};
		3FA0E0471AB1F1FB00802D0A /* WakerCentralTests */ = {
			isa = PBXGroup;
			children = (
				3FA0E04A1AB1F1FB00802D0A /* WakerCentralTests.swift */,
				3FA0E0481AB1F1FB00802D0A /* Supporting Files */,
			);
			path = WakerCentralTests;
			sourceTree = "<group>";
		};
		3FA0E0481AB1F1FB00802D0A /* Supporting Files */ = {
			isa = PBXGroup;
			children = (
				3FA0E0491AB1F1FB00802D0A /* Info.plist */,
			);
			name = "Supporting Files";
			sourceTree = "<group>";
		};
		3FA0E05E1AB3744A00802D0A /* MainMenu */ = {
			isa = PBXGroup;
			children = (
				3FA0E05F1AB3746700802D0A /* MainMenuVController.swift */,
				3FA0E0601AB3746700802D0A /* MainMenuVController.xib */,
			);
			name = MainMenu;
			sourceTree = "<group>";
		};
		3FA0E0631AB3747C00802D0A /* ByThisTime */ = {
			isa = PBXGroup;
			children = (
				3FA0E0641AB374AB00802D0A /* ByThisTimeVController.swift */,
				3FA0E0651AB374AB00802D0A /* ByThisTimeVController.xib */,
			);
			name = ByThisTime;
			path = WakerCentralTests;
			sourceTree = SOURCE_ROOT;
		};
		FF399A2B1AB3526400F70316 /* Sounds */ = {
			isa = PBXGroup;
			children = (
				FF399A251AB351DC00F70316 /* alarm_classic.mp3 */,
				FF399A261AB351DC00F70316 /* alarm_sound.mp3 */,
				FF399A271AB351DC00F70316 /* alarm.mp3 */,
			);
			name = Sounds;
			sourceTree = "<group>";
		};
/* End PBXGroup section */

/* Begin PBXNativeTarget section */
		3FA0E02E1AB1F1FB00802D0A /* WakerCentral */ = {
			isa = PBXNativeTarget;
			buildConfigurationList = 3FA0E04E1AB1F1FB00802D0A /* Build configuration list for PBXNativeTarget "WakerCentral" */;
			buildPhases = (
				3FA0E02B1AB1F1FB00802D0A /* Sources */,
				3FA0E02C1AB1F1FB00802D0A /* Frameworks */,
				3FA0E02D1AB1F1FB00802D0A /* Resources */,
			);
			buildRules = (
			);
			dependencies = (
			);
			name = WakerCentral;
			productName = WakerCentral;
			productReference = 3FA0E02F1AB1F1FB00802D0A /* WakerCentral.app */;
			productType = "com.apple.product-type.application";
		};
		3FA0E0431AB1F1FB00802D0A /* WakerCentralTests */ = {
			isa = PBXNativeTarget;
			buildConfigurationList = 3FA0E0511AB1F1FB00802D0A /* Build configuration list for PBXNativeTarget "WakerCentralTests" */;
			buildPhases = (
				3FA0E0401AB1F1FB00802D0A /* Sources */,
				3FA0E0411AB1F1FB00802D0A /* Frameworks */,
				3FA0E0421AB1F1FB00802D0A /* Resources */,
			);
			buildRules = (
			);
			dependencies = (
				3FA0E0461AB1F1FB00802D0A /* PBXTargetDependency */,
			);
			name = WakerCentralTests;
			productName = WakerCentralTests;
			productReference = 3FA0E0441AB1F1FB00802D0A /* WakerCentralTests.xctest */;
			productType = "com.apple.product-type.bundle.unit-test";
		};
/* End PBXNativeTarget section */

/* Begin PBXProject section */
		3FA0E0271AB1F1FB00802D0A /* Project object */ = {
			isa = PBXProject;
			attributes = {
				LastUpgradeCheck = 0620;
				ORGANIZATIONNAME = "Leonardo Edelman Wajnsztok";
				TargetAttributes = {
					3FA0E02E1AB1F1FB00802D0A = {
						CreatedOnToolsVersion = 6.2;
					};
					3FA0E0431AB1F1FB00802D0A = {
						CreatedOnToolsVersion = 6.2;
						TestTargetID = 3FA0E02E1AB1F1FB00802D0A;
					};
				};
			};
			buildConfigurationList = 3FA0E02A1AB1F1FB00802D0A /* Build configuration list for PBXProject "WakerCentral" */;
			compatibilityVersion = "Xcode 3.2";
			developmentRegion = English;
			hasScannedForEncodings = 0;
			knownRegions = (
				en,
				Base,
			);
			mainGroup = 3FA0E0261AB1F1FB00802D0A;
			productRefGroup = 3FA0E0301AB1F1FB00802D0A /* Products */;
			projectDirPath = "";
			projectRoot = "";
			targets = (
				3FA0E02E1AB1F1FB00802D0A /* WakerCentral */,
				3FA0E0431AB1F1FB00802D0A /* WakerCentralTests */,
			);
		};
/* End PBXProject section */

/* Begin PBXResourcesBuildPhase section */
		3FA0E02D1AB1F1FB00802D0A /* Resources */ = {
			isa = PBXResourcesBuildPhase;
			buildActionMask = 2147483647;
			files = (
				FF399A291AB351DC00F70316 /* alarm_sound.mp3 in Resources */,
				FF399A2A1AB351DC00F70316 /* alarm.mp3 in Resources */,
				3FA0E0621AB3746700802D0A /* MainMenuVController.xib in Resources */,
				FF399A281AB351DC00F70316 /* alarm_classic.mp3 in Resources */,
				3FA0E0671AB374AB00802D0A /* ByThisTimeVController.xib in Resources */,
				3FA0E03F1AB1F1FB00802D0A /* LaunchScreen.xib in Resources */,
				3FA0E03C1AB1F1FB00802D0A /* Images.xcassets in Resources */,
			);
			runOnlyForDeploymentPostprocessing = 0;
		};
		3FA0E0421AB1F1FB00802D0A /* Resources */ = {
			isa = PBXResourcesBuildPhase;
			buildActionMask = 2147483647;
			files = (
			);
			runOnlyForDeploymentPostprocessing = 0;
		};
/* End PBXResourcesBuildPhase section */

/* Begin PBXSourcesBuildPhase section */
		3FA0E02B1AB1F1FB00802D0A /* Sources */ = {
			isa = PBXSourcesBuildPhase;
			buildActionMask = 2147483647;
			files = (
				3FA0E0611AB3746700802D0A /* MainMenuVController.swift in Sources */,
				3FA0E0351AB1F1FB00802D0A /* AppDelegate.swift in Sources */,
				3FA0E0661AB374AB00802D0A /* ByThisTimeVController.swift in Sources */,
			);
			runOnlyForDeploymentPostprocessing = 0;
		};
		3FA0E0401AB1F1FB00802D0A /* Sources */ = {
			isa = PBXSourcesBuildPhase;
			buildActionMask = 2147483647;
			files = (
				3FA0E04B1AB1F1FB00802D0A /* WakerCentralTests.swift in Sources */,
			);
			runOnlyForDeploymentPostprocessing = 0;
		};
/* End PBXSourcesBuildPhase section */

/* Begin PBXTargetDependency section */
		3FA0E0461AB1F1FB00802D0A /* PBXTargetDependency */ = {
			isa = PBXTargetDependency;
			target = 3FA0E02E1AB1F1FB00802D0A /* WakerCentral */;
			targetProxy = 3FA0E0451AB1F1FB00802D0A /* PBXContainerItemProxy */;
		};
/* End PBXTargetDependency section */

/* Begin PBXVariantGroup section */
		3FA0E03D1AB1F1FB00802D0A /* LaunchScreen.xib */ = {
			isa = PBXVariantGroup;
			children = (
				3FA0E03E1AB1F1FB00802D0A /* Base */,
			);
			name = LaunchScreen.xib;
			sourceTree = "<group>";
		};
/* End PBXVariantGroup section */

/* Begin XCBuildConfiguration section */
		3FA0E04C1AB1F1FB00802D0A /* Debug */ = {
			isa = XCBuildConfiguration;
			buildSettings = {
				ALWAYS_SEARCH_USER_PATHS = NO;
				CLANG_CXX_LANGUAGE_STANDARD = "gnu++0x";
				CLANG_CXX_LIBRARY = "libc++";
				CLANG_ENABLE_MODULES = YES;
				CLANG_ENABLE_OBJC_ARC = YES;
				CLANG_WARN_BOOL_CONVERSION = YES;
				CLANG_WARN_CONSTANT_CONVERSION = YES;
				CLANG_WARN_DIRECT_OBJC_ISA_USAGE = YES_ERROR;
				CLANG_WARN_EMPTY_BODY = YES;
				CLANG_WARN_ENUM_CONVERSION = YES;
				CLANG_WARN_INT_CONVERSION = YES;
				CLANG_WARN_OBJC_ROOT_CLASS = YES_ERROR;
				CLANG_WARN_UNREACHABLE_CODE = YES;
				CLANG_WARN__DUPLICATE_METHOD_MATCH = YES;
				"CODE_SIGN_IDENTITY[sdk=iphoneos*]" = "iPhone Developer";
				COPY_PHASE_STRIP = NO;
				ENABLE_STRICT_OBJC_MSGSEND = YES;
				GCC_C_LANGUAGE_STANDARD = gnu99;
				GCC_DYNAMIC_NO_PIC = NO;
				GCC_OPTIMIZATION_LEVEL = 0;
				GCC_PREPROCESSOR_DEFINITIONS = (
					"DEBUG=1",
					"$(inherited)",
				);
				GCC_SYMBOLS_PRIVATE_EXTERN = NO;
				GCC_WARN_64_TO_32_BIT_CONVERSION = YES;
				GCC_WARN_ABOUT_RETURN_TYPE = YES_ERROR;
				GCC_WARN_UNDECLARED_SELECTOR = YES;
				GCC_WARN_UNINITIALIZED_AUTOS = YES_AGGRESSIVE;
				GCC_WARN_UNUSED_FUNCTION = YES;
				GCC_WARN_UNUSED_VARIABLE = YES;
				IPHONEOS_DEPLOYMENT_TARGET = 8.2;
				MTL_ENABLE_DEBUG_INFO = YES;
				ONLY_ACTIVE_ARCH = YES;
				SDKROOT = iphoneos;
				SWIFT_OPTIMIZATION_LEVEL = "-Onone";
				TARGETED_DEVICE_FAMILY = "1,2";
			};
			name = Debug;
		};
		3FA0E04D1AB1F1FB00802D0A /* Release */ = {
			isa = XCBuildConfiguration;
			buildSettings = {
				ALWAYS_SEARCH_USER_PATHS = NO;
				CLANG_CXX_LANGUAGE_STANDARD = "gnu++0x";
				CLANG_CXX_LIBRARY = "libc++";
				CLANG_ENABLE_MODULES = YES;
				CLANG_ENABLE_OBJC_ARC = YES;
				CLANG_WARN_BOOL_CONVERSION = YES;
				CLANG_WARN_CONSTANT_CONVERSION = YES;
				CLANG_WARN_DIRECT_OBJC_ISA_USAGE = YES_ERROR;
				CLANG_WARN_EMPTY_BODY = YES;
				CLANG_WARN_ENUM_CONVERSION = YES;
				CLANG_WARN_INT_CONVERSION = YES;
				CLANG_WARN_OBJC_ROOT_CLASS = YES_ERROR;
				CLANG_WARN_UNREACHABLE_CODE = YES;
				CLANG_WARN__DUPLICATE_METHOD_MATCH = YES;
				"CODE_SIGN_IDENTITY[sdk=iphoneos*]" = "iPhone Developer";
				COPY_PHASE_STRIP = NO;
				ENABLE_NS_ASSERTIONS = NO;
				ENABLE_STRICT_OBJC_MSGSEND = YES;
				GCC_C_LANGUAGE_STANDARD = gnu99;
				GCC_WARN_64_TO_32_BIT_CONVERSION = YES;
				GCC_WARN_ABOUT_RETURN_TYPE = YES_ERROR;
				GCC_WARN_UNDECLARED_SELECTOR = YES;
				GCC_WARN_UNINITIALIZED_AUTOS = YES_AGGRESSIVE;
				GCC_WARN_UNUSED_FUNCTION = YES;
				GCC_WARN_UNUSED_VARIABLE = YES;
				IPHONEOS_DEPLOYMENT_TARGET = 8.2;
				MTL_ENABLE_DEBUG_INFO = NO;
				SDKROOT = iphoneos;
				TARGETED_DEVICE_FAMILY = "1,2";
				VALIDATE_PRODUCT = YES;
			};
			name = Release;
		};
		3FA0E04F1AB1F1FB00802D0A /* Debug */ = {
			isa = XCBuildConfiguration;
			buildSettings = {
				ASSETCATALOG_COMPILER_APPICON_NAME = AppIcon;
				INFOPLIST_FILE = WakerCentral/Info.plist;
				IPHONEOS_DEPLOYMENT_TARGET = 8.1;
				LD_RUNPATH_SEARCH_PATHS = "$(inherited) @executable_path/Frameworks";
				PRODUCT_NAME = "$(TARGET_NAME)";
			};
			name = Debug;
		};
		3FA0E0501AB1F1FB00802D0A /* Release */ = {
			isa = XCBuildConfiguration;
			buildSettings = {
				ASSETCATALOG_COMPILER_APPICON_NAME = AppIcon;
				INFOPLIST_FILE = WakerCentral/Info.plist;
				IPHONEOS_DEPLOYMENT_TARGET = 8.1;
				LD_RUNPATH_SEARCH_PATHS = "$(inherited) @executable_path/Frameworks";
				PRODUCT_NAME = "$(TARGET_NAME)";
			};
			name = Release;
		};
		3FA0E0521AB1F1FB00802D0A /* Debug */ = {
			isa = XCBuildConfiguration;
			buildSettings = {
				BUNDLE_LOADER = "$(TEST_HOST)";
				FRAMEWORK_SEARCH_PATHS = (
					"$(SDKROOT)/Developer/Library/Frameworks",
					"$(inherited)",
				);
				GCC_PREPROCESSOR_DEFINITIONS = (
					"DEBUG=1",
					"$(inherited)",
				);
				INFOPLIST_FILE = WakerCentralTests/Info.plist;
				LD_RUNPATH_SEARCH_PATHS = "$(inherited) @executable_path/Frameworks @loader_path/Frameworks";
				PRODUCT_NAME = "$(TARGET_NAME)";
				TEST_HOST = "$(BUILT_PRODUCTS_DIR)/WakerCentral.app/WakerCentral";
			};
			name = Debug;
		};
		3FA0E0531AB1F1FB00802D0A /* Release */ = {
			isa = XCBuildConfiguration;
			buildSettings = {
				BUNDLE_LOADER = "$(TEST_HOST)";
				FRAMEWORK_SEARCH_PATHS = (
					"$(SDKROOT)/Developer/Library/Frameworks",
					"$(inherited)",
				);
				INFOPLIST_FILE = WakerCentralTests/Info.plist;
				LD_RUNPATH_SEARCH_PATHS = "$(inherited) @executable_path/Frameworks @loader_path/Frameworks";
				PRODUCT_NAME = "$(TARGET_NAME)";
				TEST_HOST = "$(BUILT_PRODUCTS_DIR)/WakerCentral.app/WakerCentral";
			};
			name = Release;
		};
/* End XCBuildConfiguration section */

/* Begin XCConfigurationList section */
		3FA0E02A1AB1F1FB00802D0A /* Build configuration list for PBXProject "WakerCentral" */ = {
			isa = XCConfigurationList;
			buildConfigurations = (
				3FA0E04C1AB1F1FB00802D0A /* Debug */,
				3FA0E04D1AB1F1FB00802D0A /* Release */,
			);
			defaultConfigurationIsVisible = 0;
			defaultConfigurationName = Release;
		};
		3FA0E04E1AB1F1FB00802D0A /* Build configuration list for PBXNativeTarget "WakerCentral" */ = {
			isa = XCConfigurationList;
			buildConfigurations = (
				3FA0E04F1AB1F1FB00802D0A /* Debug */,
				3FA0E0501AB1F1FB00802D0A /* Release */,
			);
			defaultConfigurationIsVisible = 0;
			defaultConfigurationName = Release;
		};
		3FA0E0511AB1F1FB00802D0A /* Build configuration list for PBXNativeTarget "WakerCentralTests" */ = {
			isa = XCConfigurationList;
			buildConfigurations = (
				3FA0E0521AB1F1FB00802D0A /* Debug */,
				3FA0E0531AB1F1FB00802D0A /* Release */,
			);
			defaultConfigurationIsVisible = 0;
			defaultConfigurationName = Release;
		};
/* End XCConfigurationList section */
	};
	rootObject = 3FA0E0271AB1F1FB00802D0A /* Project object */;
}
