// !$*UTF8*$!
{
	archiveVersion = 1;
	classes = {
	};
	objectVersion = 46;
	objects = {

/* Begin PBXBuildFile section */
		3F5E14F21AB74E3A0067F649 /* startButton.png in Resources */ = {isa = PBXBuildFile; fileRef = 3F5E14EE1AB74E3A0067F649 /* startButton.png */; };
		3F5E14F31AB74E3A0067F649 /* sideButton.jpg in Resources */ = {isa = PBXBuildFile; fileRef = 3F5E14EF1AB74E3A0067F649 /* sideButton.jpg */; };
		3F5E14F41AB74E3A0067F649 /* seta back.png in Resources */ = {isa = PBXBuildFile; fileRef = 3F5E14F01AB74E3A0067F649 /* seta back.png */; };
		3F5E14F51AB74E3A0067F649 /* seta pra baixo.png in Resources */ = {isa = PBXBuildFile; fileRef = 3F5E14F11AB74E3A0067F649 /* seta pra baixo.png */; };
		3FA0E0351AB1F1FB00802D0A /* AppDelegate.swift in Sources */ = {isa = PBXBuildFile; fileRef = 3FA0E0341AB1F1FB00802D0A /* AppDelegate.swift */; };
		3FA0E03C1AB1F1FB00802D0A /* Images.xcassets in Resources */ = {isa = PBXBuildFile; fileRef = 3FA0E03B1AB1F1FB00802D0A /* Images.xcassets */; };
		3FA0E03F1AB1F1FB00802D0A /* LaunchScreen.xib in Resources */ = {isa = PBXBuildFile; fileRef = 3FA0E03D1AB1F1FB00802D0A /* LaunchScreen.xib */; };
		3FA0E04B1AB1F1FB00802D0A /* WakerCentralTests.swift in Sources */ = {isa = PBXBuildFile; fileRef = 3FA0E04A1AB1F1FB00802D0A /* WakerCentralTests.swift */; };
		3FA0E0611AB3746700802D0A /* MainMenuVController.swift in Sources */ = {isa = PBXBuildFile; fileRef = 3FA0E05F1AB3746700802D0A /* MainMenuVController.swift */; };
		3FA0E0621AB3746700802D0A /* MainMenuVController.xib in Resources */ = {isa = PBXBuildFile; fileRef = 3FA0E0601AB3746700802D0A /* MainMenuVController.xib */; };
		3FA0E0661AB374AB00802D0A /* ByThisTimeVController.swift in Sources */ = {isa = PBXBuildFile; fileRef = 3FA0E0641AB374AB00802D0A /* ByThisTimeVController.swift */; };
		3FA0E0671AB374AB00802D0A /* ByThisTimeVController.xib in Resources */ = {isa = PBXBuildFile; fileRef = 3FA0E0651AB374AB00802D0A /* ByThisTimeVController.xib */; };
		3FA7E75A1AC4361900D37944 /* configButton.png in Resources */ = {isa = PBXBuildFile; fileRef = 3FA7E7571AC4361900D37944 /* configButton.png */; };
		3FA7E75B1AC4361900D37944 /* nearMeButton.png in Resources */ = {isa = PBXBuildFile; fileRef = 3FA7E7581AC4361900D37944 /* nearMeButton.png */; };
		3FA7E75C1AC4361900D37944 /* OnTimeButton.png in Resources */ = {isa = PBXBuildFile; fileRef = 3FA7E7591AC4361900D37944 /* OnTimeButton.png */; };
		3FA7E7E41ACADEA600D37944 /* SmileCameraViewController.m in Sources */ = {isa = PBXBuildFile; fileRef = 3FA7E7E21ACADEA600D37944 /* SmileCameraViewController.m */; };
		3FA7E7E61ACAE9FB00D37944 /* SmileCameraViewController.xib in Resources */ = {isa = PBXBuildFile; fileRef = 3FA7E7E51ACAE9FB00D37944 /* SmileCameraViewController.xib */; };
		3FF13AE81AB8612F0098A4CD /* KeepMeAwakeVController.swift in Sources */ = {isa = PBXBuildFile; fileRef = 3FF13AE61AB8612F0098A4CD /* KeepMeAwakeVController.swift */; };
		3FF13AE91AB8612F0098A4CD /* KeepMeAwakeVController.xib in Resources */ = {isa = PBXBuildFile; fileRef = 3FF13AE71AB8612F0098A4CD /* KeepMeAwakeVController.xib */; };
		3FF13AF11AB9D5460098A4CD /* info.png in Resources */ = {isa = PBXBuildFile; fileRef = 3FF13AEC1AB9D5460098A4CD /* info.png */; };
		3FF13AF21AB9D5460098A4CD /* keepme.png in Resources */ = {isa = PBXBuildFile; fileRef = 3FF13AED1AB9D5460098A4CD /* keepme.png */; };
		3FF13AF41AB9D5460098A4CD /* titlemain.png in Resources */ = {isa = PBXBuildFile; fileRef = 3FF13AEF1AB9D5460098A4CD /* titlemain.png */; };
		3FF13AF51AB9D5460098A4CD /* wakemeup.png in Resources */ = {isa = PBXBuildFile; fileRef = 3FF13AF01AB9D5460098A4CD /* wakemeup.png */; };
		3FF13AFE1AB9D5500098A4CD /* bgmenu2.png in Resources */ = {isa = PBXBuildFile; fileRef = 3FF13AF71AB9D5500098A4CD /* bgmenu2.png */; };
		3FF13B021AB9D5500098A4CD /* cancel.png in Resources */ = {isa = PBXBuildFile; fileRef = 3FF13AFB1AB9D5500098A4CD /* cancel.png */; };
		3FF13B071AB9E5FE0098A4CD /* MainMenu2VController.swift in Sources */ = {isa = PBXBuildFile; fileRef = 3FF13B051AB9E5FE0098A4CD /* MainMenu2VController.swift */; };
		64E9E7081ACADF60000F33CC /* maisButton.png in Resources */ = {isa = PBXBuildFile; fileRef = 64E9E7071ACADF60000F33CC /* maisButton.png */; };
		64E9E70A1ACAEA3D000F33CC /* background.png in Resources */ = {isa = PBXBuildFile; fileRef = 64E9E7091ACAEA3D000F33CC /* background.png */; };
		64E9E70C1ACAEDA7000F33CC /* telainicio@2x.png in Resources */ = {isa = PBXBuildFile; fileRef = 64E9E70B1ACAEDA7000F33CC /* telainicio@2x.png */; };
		64E9E70E1ACAEECC000F33CC /* telainiciobg.png in Resources */ = {isa = PBXBuildFile; fileRef = 64E9E70D1ACAEECC000F33CC /* telainiciobg.png */; };
		64E9E7111ACAF07A000F33CC /* buttonBTT.png in Resources */ = {isa = PBXBuildFile; fileRef = 64E9E70F1ACAF07A000F33CC /* buttonBTT.png */; };
		64E9E7121ACAF07A000F33CC /* buttonNL.png in Resources */ = {isa = PBXBuildFile; fileRef = 64E9E7101ACAF07A000F33CC /* buttonNL.png */; };
		64E9E7141ACAF1B4000F33CC /* MainMenu2VController.xib in Resources */ = {isa = PBXBuildFile; fileRef = 64E9E7131ACAF1B4000F33CC /* MainMenu2VController.xib */; };
		E50BBD601ACB14E8007D6B97 /* coffButton.png in Resources */ = {isa = PBXBuildFile; fileRef = E50BBD5F1ACB14E8007D6B97 /* coffButton.png */; };
		E52C4D5A1ABA08E00003A154 /* InfoVController.swift in Sources */ = {isa = PBXBuildFile; fileRef = E52C4D581ABA08E00003A154 /* InfoVController.swift */; };
		E52C4D5B1ABA08E00003A154 /* InfoVController.xib in Resources */ = {isa = PBXBuildFile; fileRef = E52C4D591ABA08E00003A154 /* InfoVController.xib */; };
		E5B726351ACB03570014CE71 /* titleWakemode.png in Resources */ = {isa = PBXBuildFile; fileRef = E5B726341ACB03570014CE71 /* titleWakemode.png */; };
		E5B726371ACB0DAD0014CE71 /* titleLocation.png in Resources */ = {isa = PBXBuildFile; fileRef = E5B726361ACB0DAD0014CE71 /* titleLocation.png */; };
		E5B7263A1ACB10A40014CE71 /* titleCoffee.png in Resources */ = {isa = PBXBuildFile; fileRef = E5B726381ACB10A40014CE71 /* titleCoffee.png */; };
		E5B7263B1ACB10A40014CE71 /* titleAlarm.png in Resources */ = {isa = PBXBuildFile; fileRef = E5B726391ACB10A40014CE71 /* titleAlarm.png */; };
		E5BC513B1AD4200C00C371F5 /* TableViewController.swift in Sources */ = {isa = PBXBuildFile; fileRef = E5BC51391AD4200C00C371F5 /* TableViewController.swift */; };
		E5BC513C1AD4200C00C371F5 /* TableViewController.xib in Resources */ = {isa = PBXBuildFile; fileRef = E5BC513A1AD4200C00C371F5 /* TableViewController.xib */; };
		E5C26E9B1ACC420F008C8769 /* backButton.png in Resources */ = {isa = PBXBuildFile; fileRef = E5C26E9A1ACC420F008C8769 /* backButton.png */; };
		E5CE82991ABA283700C52DB6 /* backbt.png in Resources */ = {isa = PBXBuildFile; fileRef = E5CE828E1ABA283600C52DB6 /* backbt.png */; };
		E5CE829A1ABA283700C52DB6 /* bg.png in Resources */ = {isa = PBXBuildFile; fileRef = E5CE828F1ABA283600C52DB6 /* bg.png */; };
		E5CE829F1ABA283700C52DB6 /* play.png in Resources */ = {isa = PBXBuildFile; fileRef = E5CE82941ABA283600C52DB6 /* play.png */; };
		E5CE82A01ABA283700C52DB6 /* setaback.png in Resources */ = {isa = PBXBuildFile; fileRef = E5CE82951ABA283600C52DB6 /* setaback.png */; };
		E5CE82A11ABA283700C52DB6 /* setalado.png in Resources */ = {isa = PBXBuildFile; fileRef = E5CE82961ABA283700C52DB6 /* setalado.png */; };
		E5CE82A71ABA2A5700C52DB6 /* configbg.png in Resources */ = {isa = PBXBuildFile; fileRef = E5CE82A61ABA2A5700C52DB6 /* configbg.png */; };
		FF399A281AB351DC00F70316 /* alarm_classic.mp3 in Resources */ = {isa = PBXBuildFile; fileRef = FF399A251AB351DC00F70316 /* alarm_classic.mp3 */; };
		FF399A291AB351DC00F70316 /* alarm_sound.mp3 in Resources */ = {isa = PBXBuildFile; fileRef = FF399A261AB351DC00F70316 /* alarm_sound.mp3 */; };
		FF399A2A1AB351DC00F70316 /* alarm.mp3 in Resources */ = {isa = PBXBuildFile; fileRef = FF399A271AB351DC00F70316 /* alarm.mp3 */; };
		FF54CA0E1AC194C0008560ED /* NearLocationVController.swift in Sources */ = {isa = PBXBuildFile; fileRef = FF54CA0C1AC194C0008560ED /* NearLocationVController.swift */; };
		FF54CA0F1AC194C0008560ED /* NearLocationVController.xib in Resources */ = {isa = PBXBuildFile; fileRef = FF54CA0D1AC194C0008560ED /* NearLocationVController.xib */; };
		FF54CA141AC5E7C4008560ED /* Alarm.swift in Sources */ = {isa = PBXBuildFile; fileRef = FF54CA131AC5E7C4008560ED /* Alarm.swift */; };
		FF54CA161AC5EA24008560ED /* AlarmType.swift in Sources */ = {isa = PBXBuildFile; fileRef = FF54CA151AC5EA24008560ED /* AlarmType.swift */; };
		FF54CA181AC5F707008560ED /* KeepMeAwakeAlarm.swift in Sources */ = {isa = PBXBuildFile; fileRef = FF54CA171AC5F707008560ED /* KeepMeAwakeAlarm.swift */; };
		FF54CA1A1AC5F713008560ED /* ByThisTimeAlarm.swift in Sources */ = {isa = PBXBuildFile; fileRef = FF54CA191AC5F713008560ED /* ByThisTimeAlarm.swift */; };
		FF54CA1C1AC5F721008560ED /* NearLocationAlarm.swift in Sources */ = {isa = PBXBuildFile; fileRef = FF54CA1B1AC5F721008560ED /* NearLocationAlarm.swift */; };
		FF54CA1E1AC5FA78008560ED /* DAO.swift in Sources */ = {isa = PBXBuildFile; fileRef = FF54CA1D1AC5FA78008560ED /* DAO.swift */; };
		FF54CA211AC5FE39008560ED /* AlarmListVController.swift in Sources */ = {isa = PBXBuildFile; fileRef = FF54CA1F1AC5FE39008560ED /* AlarmListVController.swift */; };
		FF54CA221AC5FE39008560ED /* AlarmListVController.xib in Resources */ = {isa = PBXBuildFile; fileRef = FF54CA201AC5FE39008560ED /* AlarmListVController.xib */; };
		FF6E10D41AB87873008E5228 /* SetModeVController.swift in Sources */ = {isa = PBXBuildFile; fileRef = FF6E10D21AB87873008E5228 /* SetModeVController.swift */; };
		FF6E10D51AB87873008E5228 /* SetModeVController.xib in Resources */ = {isa = PBXBuildFile; fileRef = FF6E10D31AB87873008E5228 /* SetModeVController.xib */; };
/* End PBXBuildFile section */

/* Begin PBXContainerItemProxy section */
		3FA0E0451AB1F1FB00802D0A /* PBXContainerItemProxy */ = {
			isa = PBXContainerItemProxy;
			containerPortal = 3FA0E0271AB1F1FB00802D0A /* Project object */;
			proxyType = 1;
			remoteGlobalIDString = 3FA0E02E1AB1F1FB00802D0A;
			remoteInfo = WakerCentral;
		};
/* End PBXContainerItemProxy section */

/* Begin PBXFileReference section */
		3F5E14EE1AB74E3A0067F649 /* startButton.png */ = {isa = PBXFileReference; lastKnownFileType = image.png; path = startButton.png; sourceTree = "<group>"; };
		3F5E14EF1AB74E3A0067F649 /* sideButton.jpg */ = {isa = PBXFileReference; lastKnownFileType = image.jpeg; path = sideButton.jpg; sourceTree = "<group>"; };
		3F5E14F01AB74E3A0067F649 /* seta back.png */ = {isa = PBXFileReference; lastKnownFileType = image.png; path = "seta back.png"; sourceTree = "<group>"; };
		3F5E14F11AB74E3A0067F649 /* seta pra baixo.png */ = {isa = PBXFileReference; lastKnownFileType = image.png; path = "seta pra baixo.png"; sourceTree = "<group>"; };
		3FA0E02F1AB1F1FB00802D0A /* WakerCentral.app */ = {isa = PBXFileReference; explicitFileType = wrapper.application; includeInIndex = 0; path = WakerCentral.app; sourceTree = BUILT_PRODUCTS_DIR; };
		3FA0E0331AB1F1FB00802D0A /* Info.plist */ = {isa = PBXFileReference; lastKnownFileType = text.plist.xml; path = Info.plist; sourceTree = "<group>"; };
		3FA0E0341AB1F1FB00802D0A /* AppDelegate.swift */ = {isa = PBXFileReference; lastKnownFileType = sourcecode.swift; path = AppDelegate.swift; sourceTree = "<group>"; };
		3FA0E03B1AB1F1FB00802D0A /* Images.xcassets */ = {isa = PBXFileReference; lastKnownFileType = folder.assetcatalog; path = Images.xcassets; sourceTree = "<group>"; };
		3FA0E03E1AB1F1FB00802D0A /* Base */ = {isa = PBXFileReference; lastKnownFileType = file.xib; name = Base; path = Base.lproj/LaunchScreen.xib; sourceTree = "<group>"; };
		3FA0E0441AB1F1FB00802D0A /* WakerCentralTests.xctest */ = {isa = PBXFileReference; explicitFileType = wrapper.cfbundle; includeInIndex = 0; path = WakerCentralTests.xctest; sourceTree = BUILT_PRODUCTS_DIR; };
		3FA0E0491AB1F1FB00802D0A /* Info.plist */ = {isa = PBXFileReference; lastKnownFileType = text.plist.xml; path = Info.plist; sourceTree = "<group>"; };
		3FA0E04A1AB1F1FB00802D0A /* WakerCentralTests.swift */ = {isa = PBXFileReference; lastKnownFileType = sourcecode.swift; path = WakerCentralTests.swift; sourceTree = "<group>"; };
		3FA0E05F1AB3746700802D0A /* MainMenuVController.swift */ = {isa = PBXFileReference; fileEncoding = 4; lastKnownFileType = sourcecode.swift; path = MainMenuVController.swift; sourceTree = "<group>"; };
		3FA0E0601AB3746700802D0A /* MainMenuVController.xib */ = {isa = PBXFileReference; fileEncoding = 4; lastKnownFileType = file.xib; path = MainMenuVController.xib; sourceTree = "<group>"; };
		3FA0E0641AB374AB00802D0A /* ByThisTimeVController.swift */ = {isa = PBXFileReference; fileEncoding = 4; lastKnownFileType = sourcecode.swift; name = ByThisTimeVController.swift; path = WakerCentralTests/ByThisTimeVController.swift; sourceTree = SOURCE_ROOT; };
		3FA0E0651AB374AB00802D0A /* ByThisTimeVController.xib */ = {isa = PBXFileReference; fileEncoding = 4; lastKnownFileType = file.xib; name = ByThisTimeVController.xib; path = WakerCentralTests/ByThisTimeVController.xib; sourceTree = SOURCE_ROOT; };
		3FA7E7571AC4361900D37944 /* configButton.png */ = {isa = PBXFileReference; lastKnownFileType = image.png; name = configButton.png; path = "documents-export-2015-03-26/configButton.png"; sourceTree = "<group>"; };
		3FA7E7581AC4361900D37944 /* nearMeButton.png */ = {isa = PBXFileReference; lastKnownFileType = image.png; name = nearMeButton.png; path = "documents-export-2015-03-26/nearMeButton.png"; sourceTree = "<group>"; };
		3FA7E7591AC4361900D37944 /* OnTimeButton.png */ = {isa = PBXFileReference; lastKnownFileType = image.png; name = OnTimeButton.png; path = "documents-export-2015-03-26/OnTimeButton.png"; sourceTree = "<group>"; };
		3FA7E7E11ACADEA600D37944 /* SmileCameraViewController.h */ = {isa = PBXFileReference; fileEncoding = 4; lastKnownFileType = sourcecode.c.h; path = SmileCameraViewController.h; sourceTree = "<group>"; };
		3FA7E7E21ACADEA600D37944 /* SmileCameraViewController.m */ = {isa = PBXFileReference; fileEncoding = 4; lastKnownFileType = sourcecode.c.objc; path = SmileCameraViewController.m; sourceTree = "<group>"; };
		3FA7E7E31ACADEA600D37944 /* WakerCentral-Bridging-Header.h */ = {isa = PBXFileReference; fileEncoding = 4; lastKnownFileType = sourcecode.c.h; path = "WakerCentral-Bridging-Header.h"; sourceTree = "<group>"; };
		3FA7E7E51ACAE9FB00D37944 /* SmileCameraViewController.xib */ = {isa = PBXFileReference; fileEncoding = 4; lastKnownFileType = file.xib; path = SmileCameraViewController.xib; sourceTree = "<group>"; };
		3FF13AE61AB8612F0098A4CD /* KeepMeAwakeVController.swift */ = {isa = PBXFileReference; fileEncoding = 4; lastKnownFileType = sourcecode.swift; path = KeepMeAwakeVController.swift; sourceTree = "<group>"; };
		3FF13AE71AB8612F0098A4CD /* KeepMeAwakeVController.xib */ = {isa = PBXFileReference; fileEncoding = 4; lastKnownFileType = file.xib; path = KeepMeAwakeVController.xib; sourceTree = "<group>"; };
		3FF13AEC1AB9D5460098A4CD /* info.png */ = {isa = PBXFileReference; lastKnownFileType = image.png; path = info.png; sourceTree = "<group>"; };
		3FF13AED1AB9D5460098A4CD /* keepme.png */ = {isa = PBXFileReference; lastKnownFileType = image.png; path = keepme.png; sourceTree = "<group>"; };
		3FF13AEF1AB9D5460098A4CD /* titlemain.png */ = {isa = PBXFileReference; lastKnownFileType = image.png; path = titlemain.png; sourceTree = "<group>"; };
		3FF13AF01AB9D5460098A4CD /* wakemeup.png */ = {isa = PBXFileReference; lastKnownFileType = image.png; path = wakemeup.png; sourceTree = "<group>"; };
		3FF13AF71AB9D5500098A4CD /* bgmenu2.png */ = {isa = PBXFileReference; lastKnownFileType = image.png; path = bgmenu2.png; sourceTree = "<group>"; };
		3FF13AFB1AB9D5500098A4CD /* cancel.png */ = {isa = PBXFileReference; lastKnownFileType = image.png; path = cancel.png; sourceTree = "<group>"; };
		3FF13B051AB9E5FE0098A4CD /* MainMenu2VController.swift */ = {isa = PBXFileReference; fileEncoding = 4; lastKnownFileType = sourcecode.swift; path = MainMenu2VController.swift; sourceTree = "<group>"; };
		64E9E7071ACADF60000F33CC /* maisButton.png */ = {isa = PBXFileReference; lastKnownFileType = image.png; path = maisButton.png; sourceTree = "<group>"; };
		64E9E7091ACAEA3D000F33CC /* background.png */ = {isa = PBXFileReference; lastKnownFileType = image.png; path = background.png; sourceTree = "<group>"; };
		64E9E70B1ACAEDA7000F33CC /* telainicio@2x.png */ = {isa = PBXFileReference; lastKnownFileType = image.png; path = "telainicio@2x.png"; sourceTree = "<group>"; };
		64E9E70D1ACAEECC000F33CC /* telainiciobg.png */ = {isa = PBXFileReference; lastKnownFileType = image.png; path = telainiciobg.png; sourceTree = "<group>"; };
		64E9E70F1ACAF07A000F33CC /* buttonBTT.png */ = {isa = PBXFileReference; lastKnownFileType = image.png; path = buttonBTT.png; sourceTree = "<group>"; };
		64E9E7101ACAF07A000F33CC /* buttonNL.png */ = {isa = PBXFileReference; lastKnownFileType = image.png; path = buttonNL.png; sourceTree = "<group>"; };
		64E9E7131ACAF1B4000F33CC /* MainMenu2VController.xib */ = {isa = PBXFileReference; fileEncoding = 4; lastKnownFileType = file.xib; path = MainMenu2VController.xib; sourceTree = "<group>"; };
		E50BBD5F1ACB14E8007D6B97 /* coffButton.png */ = {isa = PBXFileReference; lastKnownFileType = image.png; path = coffButton.png; sourceTree = "<group>"; };
		E52C4D581ABA08E00003A154 /* InfoVController.swift */ = {isa = PBXFileReference; fileEncoding = 4; lastKnownFileType = sourcecode.swift; path = InfoVController.swift; sourceTree = "<group>"; };
		E52C4D591ABA08E00003A154 /* InfoVController.xib */ = {isa = PBXFileReference; fileEncoding = 4; lastKnownFileType = file.xib; path = InfoVController.xib; sourceTree = "<group>"; };
		E5B726341ACB03570014CE71 /* titleWakemode.png */ = {isa = PBXFileReference; lastKnownFileType = image.png; path = titleWakemode.png; sourceTree = "<group>"; };
		E5B726361ACB0DAD0014CE71 /* titleLocation.png */ = {isa = PBXFileReference; lastKnownFileType = image.png; path = titleLocation.png; sourceTree = "<group>"; };
		E5B726381ACB10A40014CE71 /* titleCoffee.png */ = {isa = PBXFileReference; lastKnownFileType = image.png; path = titleCoffee.png; sourceTree = "<group>"; };
		E5B726391ACB10A40014CE71 /* titleAlarm.png */ = {isa = PBXFileReference; lastKnownFileType = image.png; path = titleAlarm.png; sourceTree = "<group>"; };
		E5BC51391AD4200C00C371F5 /* TableViewController.swift */ = {isa = PBXFileReference; fileEncoding = 4; lastKnownFileType = sourcecode.swift; path = TableViewController.swift; sourceTree = "<group>"; };
		E5BC513A1AD4200C00C371F5 /* TableViewController.xib */ = {isa = PBXFileReference; fileEncoding = 4; lastKnownFileType = file.xib; path = TableViewController.xib; sourceTree = "<group>"; };
		E5C26E9A1ACC420F008C8769 /* backButton.png */ = {isa = PBXFileReference; lastKnownFileType = image.png; path = backButton.png; sourceTree = "<group>"; };
		E5CE828E1ABA283600C52DB6 /* backbt.png */ = {isa = PBXFileReference; lastKnownFileType = image.png; path = backbt.png; sourceTree = "<group>"; };
		E5CE828F1ABA283600C52DB6 /* bg.png */ = {isa = PBXFileReference; lastKnownFileType = image.png; path = bg.png; sourceTree = "<group>"; };
		E5CE82941ABA283600C52DB6 /* play.png */ = {isa = PBXFileReference; lastKnownFileType = image.png; path = play.png; sourceTree = "<group>"; };
		E5CE82951ABA283600C52DB6 /* setaback.png */ = {isa = PBXFileReference; lastKnownFileType = image.png; path = setaback.png; sourceTree = "<group>"; };
		E5CE82961ABA283700C52DB6 /* setalado.png */ = {isa = PBXFileReference; lastKnownFileType = image.png; path = setalado.png; sourceTree = "<group>"; };
		E5CE82A61ABA2A5700C52DB6 /* configbg.png */ = {isa = PBXFileReference; lastKnownFileType = image.png; path = configbg.png; sourceTree = "<group>"; };
		FF399A251AB351DC00F70316 /* alarm_classic.mp3 */ = {isa = PBXFileReference; lastKnownFileType = audio.mp3; path = alarm_classic.mp3; sourceTree = "<group>"; };
		FF399A261AB351DC00F70316 /* alarm_sound.mp3 */ = {isa = PBXFileReference; lastKnownFileType = audio.mp3; path = alarm_sound.mp3; sourceTree = "<group>"; };
		FF399A271AB351DC00F70316 /* alarm.mp3 */ = {isa = PBXFileReference; lastKnownFileType = audio.mp3; path = alarm.mp3; sourceTree = "<group>"; };
		FF54CA0C1AC194C0008560ED /* NearLocationVController.swift */ = {isa = PBXFileReference; fileEncoding = 4; lastKnownFileType = sourcecode.swift; path = NearLocationVController.swift; sourceTree = "<group>"; };
		FF54CA0D1AC194C0008560ED /* NearLocationVController.xib */ = {isa = PBXFileReference; fileEncoding = 4; lastKnownFileType = file.xib; path = NearLocationVController.xib; sourceTree = "<group>"; };
		FF54CA131AC5E7C4008560ED /* Alarm.swift */ = {isa = PBXFileReference; fileEncoding = 4; lastKnownFileType = sourcecode.swift; path = Alarm.swift; sourceTree = "<group>"; };
		FF54CA151AC5EA24008560ED /* AlarmType.swift */ = {isa = PBXFileReference; fileEncoding = 4; lastKnownFileType = sourcecode.swift; path = AlarmType.swift; sourceTree = "<group>"; };
		FF54CA171AC5F707008560ED /* KeepMeAwakeAlarm.swift */ = {isa = PBXFileReference; fileEncoding = 4; lastKnownFileType = sourcecode.swift; path = KeepMeAwakeAlarm.swift; sourceTree = "<group>"; };
		FF54CA191AC5F713008560ED /* ByThisTimeAlarm.swift */ = {isa = PBXFileReference; fileEncoding = 4; lastKnownFileType = sourcecode.swift; path = ByThisTimeAlarm.swift; sourceTree = "<group>"; };
		FF54CA1B1AC5F721008560ED /* NearLocationAlarm.swift */ = {isa = PBXFileReference; fileEncoding = 4; lastKnownFileType = sourcecode.swift; path = NearLocationAlarm.swift; sourceTree = "<group>"; };
		FF54CA1D1AC5FA78008560ED /* DAO.swift */ = {isa = PBXFileReference; fileEncoding = 4; lastKnownFileType = sourcecode.swift; path = DAO.swift; sourceTree = "<group>"; };
		FF54CA1F1AC5FE39008560ED /* AlarmListVController.swift */ = {isa = PBXFileReference; fileEncoding = 4; lastKnownFileType = sourcecode.swift; path = AlarmListVController.swift; sourceTree = "<group>"; };
		FF54CA201AC5FE39008560ED /* AlarmListVController.xib */ = {isa = PBXFileReference; fileEncoding = 4; lastKnownFileType = file.xib; path = AlarmListVController.xib; sourceTree = "<group>"; };
		FF6E10D21AB87873008E5228 /* SetModeVController.swift */ = {isa = PBXFileReference; fileEncoding = 4; lastKnownFileType = sourcecode.swift; name = SetModeVController.swift; path = WakerCentralTests/SetModeVController.swift; sourceTree = SOURCE_ROOT; };
		FF6E10D31AB87873008E5228 /* SetModeVController.xib */ = {isa = PBXFileReference; fileEncoding = 4; lastKnownFileType = file.xib; name = SetModeVController.xib; path = WakerCentralTests/SetModeVController.xib; sourceTree = SOURCE_ROOT; };
/* End PBXFileReference section */

/* Begin PBXFrameworksBuildPhase section */
		3FA0E02C1AB1F1FB00802D0A /* Frameworks */ = {
			isa = PBXFrameworksBuildPhase;
			buildActionMask = 2147483647;
			files = (
			);
			runOnlyForDeploymentPostprocessing = 0;
		};
		3FA0E0411AB1F1FB00802D0A /* Frameworks */ = {
			isa = PBXFrameworksBuildPhase;
			buildActionMask = 2147483647;
			files = (
			);
			runOnlyForDeploymentPostprocessing = 0;
		};
/* End PBXFrameworksBuildPhase section */

/* Begin PBXGroup section */
		3F5E14ED1AB74E3A0067F649 /* documents-export-2015-03-16 */ = {
			isa = PBXGroup;
			children = (
				3F5E14EE1AB74E3A0067F649 /* startButton.png */,
				3F5E14EF1AB74E3A0067F649 /* sideButton.jpg */,
				3F5E14F01AB74E3A0067F649 /* seta back.png */,
				3F5E14F11AB74E3A0067F649 /* seta pra baixo.png */,
			);
			path = "documents-export-2015-03-16";
			sourceTree = "<group>";
		};
		3FA0E0261AB1F1FB00802D0A = {
			isa = PBXGroup;
			children = (
				3FA0E0311AB1F1FB00802D0A /* WakerCentral */,
				3FA0E0471AB1F1FB00802D0A /* WakerCentralTests */,
				3FA0E0301AB1F1FB00802D0A /* Products */,
			);
			sourceTree = "<group>";
		};
		3FA0E0301AB1F1FB00802D0A /* Products */ = {
			isa = PBXGroup;
			children = (
				3FA0E02F1AB1F1FB00802D0A /* WakerCentral.app */,
				3FA0E0441AB1F1FB00802D0A /* WakerCentralTests.xctest */,
			);
			name = Products;
			sourceTree = "<group>";
		};
		3FA0E0311AB1F1FB00802D0A /* WakerCentral */ = {
			isa = PBXGroup;
			children = (
				3FA7E7E01ACADE7300D37944 /* Bridge */,
				FF54CA121AC5E63C008560ED /* Controller */,
				FF54CA111AC5E62E008560ED /* View */,
				FF54CA101AC5E625008560ED /* Model */,
				3FA0E0341AB1F1FB00802D0A /* AppDelegate.swift */,
				3FA0E03B1AB1F1FB00802D0A /* Images.xcassets */,
				3FA0E03D1AB1F1FB00802D0A /* LaunchScreen.xib */,
				3FA0E0321AB1F1FB00802D0A /* Supporting Files */,
			);
			path = WakerCentral;
			sourceTree = "<group>";
		};
		3FA0E0321AB1F1FB00802D0A /* Supporting Files */ = {
			isa = PBXGroup;
			children = (
				E5CE828D1ABA283600C52DB6 /* Telas - Configurações */,
				64E9E70B1ACAEDA7000F33CC /* telainicio@2x.png */,
				3FF13AF61AB9D5500098A4CD /* Menu II */,
				3FF13AEB1AB9D5460098A4CD /* Main Menu */,
				FF399A2B1AB3526400F70316 /* Sounds */,
				3F5E14ED1AB74E3A0067F649 /* documents-export-2015-03-16 */,
				3FA0E0331AB1F1FB00802D0A /* Info.plist */,
			);
			name = "Supporting Files";
			sourceTree = "<group>";
		};
		3FA0E0471AB1F1FB00802D0A /* WakerCentralTests */ = {
			isa = PBXGroup;
			children = (
				3FA0E04A1AB1F1FB00802D0A /* WakerCentralTests.swift */,
				3FA0E0481AB1F1FB00802D0A /* Supporting Files */,
			);
			path = WakerCentralTests;
			sourceTree = "<group>";
		};
		3FA0E0481AB1F1FB00802D0A /* Supporting Files */ = {
			isa = PBXGroup;
			children = (
				3FA0E0491AB1F1FB00802D0A /* Info.plist */,
			);
			name = "Supporting Files";
			sourceTree = "<group>";
		};
		3FA7E7E01ACADE7300D37944 /* Bridge */ = {
			isa = PBXGroup;
			children = (
				3FA7E7E11ACADEA600D37944 /* SmileCameraViewController.h */,
				3FA7E7E21ACADEA600D37944 /* SmileCameraViewController.m */,
				3FA7E7E31ACADEA600D37944 /* WakerCentral-Bridging-Header.h */,
			);
			name = Bridge;
			sourceTree = "<group>";
		};
		3FF13AEB1AB9D5460098A4CD /* Main Menu */ = {
			isa = PBXGroup;
			children = (
				64E9E7091ACAEA3D000F33CC /* background.png */,
				3FF13AEC1AB9D5460098A4CD /* info.png */,
				3FF13AED1AB9D5460098A4CD /* keepme.png */,
				3FF13AEF1AB9D5460098A4CD /* titlemain.png */,
				3FF13AF01AB9D5460098A4CD /* wakemeup.png */,
			);
			path = "Main Menu";
			sourceTree = "<group>";
		};
		3FF13AF61AB9D5500098A4CD /* Menu II */ = {
			isa = PBXGroup;
			children = (
				64E9E70F1ACAF07A000F33CC /* buttonBTT.png */,
				64E9E7101ACAF07A000F33CC /* buttonNL.png */,
				3FF13AF71AB9D5500098A4CD /* bgmenu2.png */,
				3FF13AFB1AB9D5500098A4CD /* cancel.png */,
			);
			path = "Menu II";
			sourceTree = "<group>";
		};
		E5CE828D1ABA283600C52DB6 /* Telas - Configurações */ = {
			isa = PBXGroup;
			children = (
				E5C26E9A1ACC420F008C8769 /* backButton.png */,
				E50BBD5F1ACB14E8007D6B97 /* coffButton.png */,
				E5B726381ACB10A40014CE71 /* titleCoffee.png */,
				E5B726391ACB10A40014CE71 /* titleAlarm.png */,
				E5B726361ACB0DAD0014CE71 /* titleLocation.png */,
				E5B726341ACB03570014CE71 /* titleWakemode.png */,
				3FA7E7571AC4361900D37944 /* configButton.png */,
				64E9E70D1ACAEECC000F33CC /* telainiciobg.png */,
				3FA7E7581AC4361900D37944 /* nearMeButton.png */,
				64E9E7071ACADF60000F33CC /* maisButton.png */,
				3FA7E7591AC4361900D37944 /* OnTimeButton.png */,
				E5CE82A61ABA2A5700C52DB6 /* configbg.png */,
				E5CE828E1ABA283600C52DB6 /* backbt.png */,
				E5CE828F1ABA283600C52DB6 /* bg.png */,
				E5CE82941ABA283600C52DB6 /* play.png */,
				E5CE82951ABA283600C52DB6 /* setaback.png */,
				E5CE82961ABA283700C52DB6 /* setalado.png */,
			);
			path = "Telas - Configurações";
			sourceTree = "<group>";
		};
		FF399A2B1AB3526400F70316 /* Sounds */ = {
			isa = PBXGroup;
			children = (
				FF399A251AB351DC00F70316 /* alarm_classic.mp3 */,
				FF399A261AB351DC00F70316 /* alarm_sound.mp3 */,
				FF399A271AB351DC00F70316 /* alarm.mp3 */,
			);
			name = Sounds;
			sourceTree = "<group>";
		};
		FF54CA101AC5E625008560ED /* Model */ = {
			isa = PBXGroup;
			children = (
				FF54CA131AC5E7C4008560ED /* Alarm.swift */,
				FF54CA151AC5EA24008560ED /* AlarmType.swift */,
				FF54CA171AC5F707008560ED /* KeepMeAwakeAlarm.swift */,
				FF54CA191AC5F713008560ED /* ByThisTimeAlarm.swift */,
				FF54CA1B1AC5F721008560ED /* NearLocationAlarm.swift */,
				FF54CA1D1AC5FA78008560ED /* DAO.swift */,
			);
			name = Model;
			sourceTree = "<group>";
		};
		FF54CA111AC5E62E008560ED /* View */ = {
			isa = PBXGroup;
			children = (
				3FA7E7E51ACAE9FB00D37944 /* SmileCameraViewController.xib */,
				E52C4D591ABA08E00003A154 /* InfoVController.xib */,
				FF54CA201AC5FE39008560ED /* AlarmListVController.xib */,
				FF6E10D31AB87873008E5228 /* SetModeVController.xib */,
				64E9E7131ACAF1B4000F33CC /* MainMenu2VController.xib */,
				3FA0E0601AB3746700802D0A /* MainMenuVController.xib */,
				3FF13AE71AB8612F0098A4CD /* KeepMeAwakeVController.xib */,
				FF54CA0D1AC194C0008560ED /* NearLocationVController.xib */,
				3FA0E0651AB374AB00802D0A /* ByThisTimeVController.xib */,
				E5BC51391AD4200C00C371F5 /* TableViewController.swift */,
				E5BC513A1AD4200C00C371F5 /* TableViewController.xib */,
			);
			name = View;
			sourceTree = "<group>";
		};
		FF54CA121AC5E63C008560ED /* Controller */ = {
			isa = PBXGroup;
			children = (
				E52C4D581ABA08E00003A154 /* InfoVController.swift */,
				3FF13B051AB9E5FE0098A4CD /* MainMenu2VController.swift */,
				FF54CA1F1AC5FE39008560ED /* AlarmListVController.swift */,
				FF6E10D21AB87873008E5228 /* SetModeVController.swift */,
				3FA0E05F1AB3746700802D0A /* MainMenuVController.swift */,
				3FF13AE61AB8612F0098A4CD /* KeepMeAwakeVController.swift */,
				FF54CA0C1AC194C0008560ED /* NearLocationVController.swift */,
				3FA0E0641AB374AB00802D0A /* ByThisTimeVController.swift */,
			);
			name = Controller;
			sourceTree = "<group>";
		};
/* End PBXGroup section */

/* Begin PBXNativeTarget section */
		3FA0E02E1AB1F1FB00802D0A /* WakerCentral */ = {
			isa = PBXNativeTarget;
			buildConfigurationList = 3FA0E04E1AB1F1FB00802D0A /* Build configuration list for PBXNativeTarget "WakerCentral" */;
			buildPhases = (
				3FA0E02B1AB1F1FB00802D0A /* Sources */,
				3FA0E02C1AB1F1FB00802D0A /* Frameworks */,
				3FA0E02D1AB1F1FB00802D0A /* Resources */,
			);
			buildRules = (
			);
			dependencies = (
			);
			name = WakerCentral;
			productName = WakerCentral;
			productReference = 3FA0E02F1AB1F1FB00802D0A /* WakerCentral.app */;
			productType = "com.apple.product-type.application";
		};
		3FA0E0431AB1F1FB00802D0A /* WakerCentralTests */ = {
			isa = PBXNativeTarget;
			buildConfigurationList = 3FA0E0511AB1F1FB00802D0A /* Build configuration list for PBXNativeTarget "WakerCentralTests" */;
			buildPhases = (
				3FA0E0401AB1F1FB00802D0A /* Sources */,
				3FA0E0411AB1F1FB00802D0A /* Frameworks */,
				3FA0E0421AB1F1FB00802D0A /* Resources */,
			);
			buildRules = (
			);
			dependencies = (
				3FA0E0461AB1F1FB00802D0A /* PBXTargetDependency */,
			);
			name = WakerCentralTests;
			productName = WakerCentralTests;
			productReference = 3FA0E0441AB1F1FB00802D0A /* WakerCentralTests.xctest */;
			productType = "com.apple.product-type.bundle.unit-test";
		};
/* End PBXNativeTarget section */

/* Begin PBXProject section */
		3FA0E0271AB1F1FB00802D0A /* Project object */ = {
			isa = PBXProject;
			attributes = {
				LastUpgradeCheck = 0620;
				ORGANIZATIONNAME = "Leonardo Edelman Wajnsztok";
				TargetAttributes = {
					3FA0E02E1AB1F1FB00802D0A = {
						CreatedOnToolsVersion = 6.2;
					};
					3FA0E0431AB1F1FB00802D0A = {
						CreatedOnToolsVersion = 6.2;
						TestTargetID = 3FA0E02E1AB1F1FB00802D0A;
					};
				};
			};
			buildConfigurationList = 3FA0E02A1AB1F1FB00802D0A /* Build configuration list for PBXProject "WakerCentral" */;
			compatibilityVersion = "Xcode 3.2";
			developmentRegion = English;
			hasScannedForEncodings = 0;
			knownRegions = (
				en,
				Base,
			);
			mainGroup = 3FA0E0261AB1F1FB00802D0A;
			productRefGroup = 3FA0E0301AB1F1FB00802D0A /* Products */;
			projectDirPath = "";
			projectRoot = "";
			targets = (
				3FA0E02E1AB1F1FB00802D0A /* WakerCentral */,
				3FA0E0431AB1F1FB00802D0A /* WakerCentralTests */,
			);
		};
/* End PBXProject section */

/* Begin PBXResourcesBuildPhase section */
		3FA0E02D1AB1F1FB00802D0A /* Resources */ = {
			isa = PBXResourcesBuildPhase;
			buildActionMask = 2147483647;
			files = (
				64E9E70C1ACAEDA7000F33CC /* telainicio@2x.png in Resources */,
				E5B726371ACB0DAD0014CE71 /* titleLocation.png in Resources */,
				3FA7E75B1AC4361900D37944 /* nearMeButton.png in Resources */,
				FF399A291AB351DC00F70316 /* alarm_sound.mp3 in Resources */,
				3FF13AF21AB9D5460098A4CD /* keepme.png in Resources */,
				64E9E70A1ACAEA3D000F33CC /* background.png in Resources */,
				3FF13AF11AB9D5460098A4CD /* info.png in Resources */,
				E5CE82A11ABA283700C52DB6 /* setalado.png in Resources */,
				E52C4D5B1ABA08E00003A154 /* InfoVController.xib in Resources */,
				3F5E14F21AB74E3A0067F649 /* startButton.png in Resources */,
				3FA7E7E61ACAE9FB00D37944 /* SmileCameraViewController.xib in Resources */,
				FF6E10D51AB87873008E5228 /* SetModeVController.xib in Resources */,
				E5B726351ACB03570014CE71 /* titleWakemode.png in Resources */,
				E5CE82A01ABA283700C52DB6 /* setaback.png in Resources */,
				3FF13AF41AB9D5460098A4CD /* titlemain.png in Resources */,
				3F5E14F31AB74E3A0067F649 /* sideButton.jpg in Resources */,
				FF54CA0F1AC194C0008560ED /* NearLocationVController.xib in Resources */,
				64E9E7111ACAF07A000F33CC /* buttonBTT.png in Resources */,
				FF399A2A1AB351DC00F70316 /* alarm.mp3 in Resources */,
				64E9E7141ACAF1B4000F33CC /* MainMenu2VController.xib in Resources */,
				3F5E14F41AB74E3A0067F649 /* seta back.png in Resources */,
				64E9E7081ACADF60000F33CC /* maisButton.png in Resources */,
				E5C26E9B1ACC420F008C8769 /* backButton.png in Resources */,
				3FF13AFE1AB9D5500098A4CD /* bgmenu2.png in Resources */,
				E5CE82A71ABA2A5700C52DB6 /* configbg.png in Resources */,
				E5BC513C1AD4200C00C371F5 /* TableViewController.xib in Resources */,
				3FF13AE91AB8612F0098A4CD /* KeepMeAwakeVController.xib in Resources */,
				64E9E7121ACAF07A000F33CC /* buttonNL.png in Resources */,
				3FF13B021AB9D5500098A4CD /* cancel.png in Resources */,
				E5B7263B1ACB10A40014CE71 /* titleAlarm.png in Resources */,
				3FA7E75C1AC4361900D37944 /* OnTimeButton.png in Resources */,
				E5CE829F1ABA283700C52DB6 /* play.png in Resources */,
				3FA0E0621AB3746700802D0A /* MainMenuVController.xib in Resources */,
				E5CE829A1ABA283700C52DB6 /* bg.png in Resources */,
				3FF13AF51AB9D5460098A4CD /* wakemeup.png in Resources */,
				64E9E70E1ACAEECC000F33CC /* telainiciobg.png in Resources */,
				FF54CA221AC5FE39008560ED /* AlarmListVController.xib in Resources */,
				E5B7263A1ACB10A40014CE71 /* titleCoffee.png in Resources */,
				FF399A281AB351DC00F70316 /* alarm_classic.mp3 in Resources */,
				E5CE82991ABA283700C52DB6 /* backbt.png in Resources */,
				3FA7E75A1AC4361900D37944 /* configButton.png in Resources */,
				3FA0E0671AB374AB00802D0A /* ByThisTimeVController.xib in Resources */,
				3FA0E03F1AB1F1FB00802D0A /* LaunchScreen.xib in Resources */,
				3FA0E03C1AB1F1FB00802D0A /* Images.xcassets in Resources */,
				3F5E14F51AB74E3A0067F649 /* seta pra baixo.png in Resources */,
				E50BBD601ACB14E8007D6B97 /* coffButton.png in Resources */,
			);
			runOnlyForDeploymentPostprocessing = 0;
		};
		3FA0E0421AB1F1FB00802D0A /* Resources */ = {
			isa = PBXResourcesBuildPhase;
			buildActionMask = 2147483647;
			files = (
			);
			runOnlyForDeploymentPostprocessing = 0;
		};
/* End PBXResourcesBuildPhase section */

/* Begin PBXSourcesBuildPhase section */
		3FA0E02B1AB1F1FB00802D0A /* Sources */ = {
			isa = PBXSourcesBuildPhase;
			buildActionMask = 2147483647;
			files = (
				FF54CA211AC5FE39008560ED /* AlarmListVController.swift in Sources */,
				FF54CA1E1AC5FA78008560ED /* DAO.swift in Sources */,
				E5BC513B1AD4200C00C371F5 /* TableViewController.swift in Sources */,
				FF6E10D41AB87873008E5228 /* SetModeVController.swift in Sources */,
				FF54CA0E1AC194C0008560ED /* NearLocationVController.swift in Sources */,
				FF54CA141AC5E7C4008560ED /* Alarm.swift in Sources */,
				3FA0E0611AB3746700802D0A /* MainMenuVController.swift in Sources */,
				E52C4D5A1ABA08E00003A154 /* InfoVController.swift in Sources */,
				3FF13AE81AB8612F0098A4CD /* KeepMeAwakeVController.swift in Sources */,
				3FA7E7E41ACADEA600D37944 /* SmileCameraViewController.m in Sources */,
				3FA0E0351AB1F1FB00802D0A /* AppDelegate.swift in Sources */,
				FF54CA181AC5F707008560ED /* KeepMeAwakeAlarm.swift in Sources */,
				FF54CA1C1AC5F721008560ED /* NearLocationAlarm.swift in Sources */,
				3FA0E0661AB374AB00802D0A /* ByThisTimeVController.swift in Sources */,
				3FF13B071AB9E5FE0098A4CD /* MainMenu2VController.swift in Sources */,
				FF54CA161AC5EA24008560ED /* AlarmType.swift in Sources */,
				FF54CA1A1AC5F713008560ED /* ByThisTimeAlarm.swift in Sources */,
			);
			runOnlyForDeploymentPostprocessing = 0;
		};
		3FA0E0401AB1F1FB00802D0A /* Sources */ = {
			isa = PBXSourcesBuildPhase;
			buildActionMask = 2147483647;
			files = (
				3FA0E04B1AB1F1FB00802D0A /* WakerCentralTests.swift in Sources */,
			);
			runOnlyForDeploymentPostprocessing = 0;
		};
/* End PBXSourcesBuildPhase section */

/* Begin PBXTargetDependency section */
		3FA0E0461AB1F1FB00802D0A /* PBXTargetDependency */ = {
			isa = PBXTargetDependency;
			target = 3FA0E02E1AB1F1FB00802D0A /* WakerCentral */;
			targetProxy = 3FA0E0451AB1F1FB00802D0A /* PBXContainerItemProxy */;
		};
/* End PBXTargetDependency section */

/* Begin PBXVariantGroup section */
		3FA0E03D1AB1F1FB00802D0A /* LaunchScreen.xib */ = {
			isa = PBXVariantGroup;
			children = (
				3FA0E03E1AB1F1FB00802D0A /* Base */,
			);
			name = LaunchScreen.xib;
			sourceTree = "<group>";
		};
/* End PBXVariantGroup section */

/* Begin XCBuildConfiguration section */
		3FA0E04C1AB1F1FB00802D0A /* Debug */ = {
			isa = XCBuildConfiguration;
			buildSettings = {
				ALWAYS_SEARCH_USER_PATHS = NO;
				CLANG_CXX_LANGUAGE_STANDARD = "gnu++0x";
				CLANG_CXX_LIBRARY = "libc++";
				CLANG_ENABLE_MODULES = YES;
				CLANG_ENABLE_OBJC_ARC = YES;
				CLANG_WARN_BOOL_CONVERSION = YES;
				CLANG_WARN_CONSTANT_CONVERSION = YES;
				CLANG_WARN_DIRECT_OBJC_ISA_USAGE = YES_ERROR;
				CLANG_WARN_EMPTY_BODY = YES;
				CLANG_WARN_ENUM_CONVERSION = YES;
				CLANG_WARN_INT_CONVERSION = YES;
				CLANG_WARN_OBJC_ROOT_CLASS = YES_ERROR;
				CLANG_WARN_UNREACHABLE_CODE = YES;
				CLANG_WARN__DUPLICATE_METHOD_MATCH = YES;
				"CODE_SIGN_IDENTITY[sdk=iphoneos*]" = "iPhone Developer";
				COPY_PHASE_STRIP = NO;
				ENABLE_STRICT_OBJC_MSGSEND = YES;
				GCC_C_LANGUAGE_STANDARD = gnu99;
				GCC_DYNAMIC_NO_PIC = NO;
				GCC_OPTIMIZATION_LEVEL = 0;
				GCC_PREPROCESSOR_DEFINITIONS = (
					"DEBUG=1",
					"$(inherited)",
				);
				GCC_SYMBOLS_PRIVATE_EXTERN = NO;
				GCC_WARN_64_TO_32_BIT_CONVERSION = YES;
				GCC_WARN_ABOUT_RETURN_TYPE = YES_ERROR;
				GCC_WARN_UNDECLARED_SELECTOR = YES;
				GCC_WARN_UNINITIALIZED_AUTOS = YES_AGGRESSIVE;
				GCC_WARN_UNUSED_FUNCTION = YES;
				GCC_WARN_UNUSED_VARIABLE = YES;
				IPHONEOS_DEPLOYMENT_TARGET = 8.2;
				MTL_ENABLE_DEBUG_INFO = YES;
				ONLY_ACTIVE_ARCH = YES;
				SDKROOT = iphoneos;
				SWIFT_OPTIMIZATION_LEVEL = "-Onone";
				TARGETED_DEVICE_FAMILY = "1,2";
			};
			name = Debug;
		};
		3FA0E04D1AB1F1FB00802D0A /* Release */ = {
			isa = XCBuildConfiguration;
			buildSettings = {
				ALWAYS_SEARCH_USER_PATHS = NO;
				CLANG_CXX_LANGUAGE_STANDARD = "gnu++0x";
				CLANG_CXX_LIBRARY = "libc++";
				CLANG_ENABLE_MODULES = YES;
				CLANG_ENABLE_OBJC_ARC = YES;
				CLANG_WARN_BOOL_CONVERSION = YES;
				CLANG_WARN_CONSTANT_CONVERSION = YES;
				CLANG_WARN_DIRECT_OBJC_ISA_USAGE = YES_ERROR;
				CLANG_WARN_EMPTY_BODY = YES;
				CLANG_WARN_ENUM_CONVERSION = YES;
				CLANG_WARN_INT_CONVERSION = YES;
				CLANG_WARN_OBJC_ROOT_CLASS = YES_ERROR;
				CLANG_WARN_UNREACHABLE_CODE = YES;
				CLANG_WARN__DUPLICATE_METHOD_MATCH = YES;
				"CODE_SIGN_IDENTITY[sdk=iphoneos*]" = "iPhone Developer";
				COPY_PHASE_STRIP = NO;
				ENABLE_NS_ASSERTIONS = NO;
				ENABLE_STRICT_OBJC_MSGSEND = YES;
				GCC_C_LANGUAGE_STANDARD = gnu99;
				GCC_WARN_64_TO_32_BIT_CONVERSION = YES;
				GCC_WARN_ABOUT_RETURN_TYPE = YES_ERROR;
				GCC_WARN_UNDECLARED_SELECTOR = YES;
				GCC_WARN_UNINITIALIZED_AUTOS = YES_AGGRESSIVE;
				GCC_WARN_UNUSED_FUNCTION = YES;
				GCC_WARN_UNUSED_VARIABLE = YES;
				IPHONEOS_DEPLOYMENT_TARGET = 8.2;
				MTL_ENABLE_DEBUG_INFO = NO;
				SDKROOT = iphoneos;
				TARGETED_DEVICE_FAMILY = "1,2";
				VALIDATE_PRODUCT = YES;
			};
			name = Release;
		};
		3FA0E04F1AB1F1FB00802D0A /* Debug */ = {
			isa = XCBuildConfiguration;
			buildSettings = {
				ASSETCATALOG_COMPILER_APPICON_NAME = AppIcon;
				INFOPLIST_FILE = WakerCentral/Info.plist;
				IPHONEOS_DEPLOYMENT_TARGET = 8.1;
				LD_RUNPATH_SEARCH_PATHS = "$(inherited) @executable_path/Frameworks";
				PRODUCT_NAME = "$(TARGET_NAME)";
				SWIFT_OBJC_BRIDGING_HEADER = "$(SRCROOT)/WakerCentral/WakerCentral-Bridging-Header.h";
			};
			name = Debug;
		};
		3FA0E0501AB1F1FB00802D0A /* Release */ = {
			isa = XCBuildConfiguration;
			buildSettings = {
				ASSETCATALOG_COMPILER_APPICON_NAME = AppIcon;
				INFOPLIST_FILE = WakerCentral/Info.plist;
				IPHONEOS_DEPLOYMENT_TARGET = 8.1;
				LD_RUNPATH_SEARCH_PATHS = "$(inherited) @executable_path/Frameworks";
				PRODUCT_NAME = "$(TARGET_NAME)";
				SWIFT_OBJC_BRIDGING_HEADER = "$(SRCROOT)/WakerCentral/WakerCentral-Bridging-Header.h";
			};
			name = Release;
		};
		3FA0E0521AB1F1FB00802D0A /* Debug */ = {
			isa = XCBuildConfiguration;
			buildSettings = {
				BUNDLE_LOADER = "$(TEST_HOST)";
				FRAMEWORK_SEARCH_PATHS = (
					"$(SDKROOT)/Developer/Library/Frameworks",
					"$(inherited)",
				);
				GCC_PREPROCESSOR_DEFINITIONS = (
					"DEBUG=1",
					"$(inherited)",
				);
				INFOPLIST_FILE = WakerCentralTests/Info.plist;
				LD_RUNPATH_SEARCH_PATHS = "$(inherited) @executable_path/Frameworks @loader_path/Frameworks";
				PRODUCT_NAME = "$(TARGET_NAME)";
				TEST_HOST = "$(BUILT_PRODUCTS_DIR)/WakerCentral.app/WakerCentral";
			};
			name = Debug;
		};
		3FA0E0531AB1F1FB00802D0A /* Release */ = {
			isa = XCBuildConfiguration;
			buildSettings = {
				BUNDLE_LOADER = "$(TEST_HOST)";
				FRAMEWORK_SEARCH_PATHS = (
					"$(SDKROOT)/Developer/Library/Frameworks",
					"$(inherited)",
				);
				INFOPLIST_FILE = WakerCentralTests/Info.plist;
				LD_RUNPATH_SEARCH_PATHS = "$(inherited) @executable_path/Frameworks @loader_path/Frameworks";
				PRODUCT_NAME = "$(TARGET_NAME)";
				TEST_HOST = "$(BUILT_PRODUCTS_DIR)/WakerCentral.app/WakerCentral";
			};
			name = Release;
		};
/* End XCBuildConfiguration section */

/* Begin XCConfigurationList section */
		3FA0E02A1AB1F1FB00802D0A /* Build configuration list for PBXProject "WakerCentral" */ = {
			isa = XCConfigurationList;
			buildConfigurations = (
				3FA0E04C1AB1F1FB00802D0A /* Debug */,
				3FA0E04D1AB1F1FB00802D0A /* Release */,
			);
			defaultConfigurationIsVisible = 0;
			defaultConfigurationName = Release;
		};
		3FA0E04E1AB1F1FB00802D0A /* Build configuration list for PBXNativeTarget "WakerCentral" */ = {
			isa = XCConfigurationList;
			buildConfigurations = (
				3FA0E04F1AB1F1FB00802D0A /* Debug */,
				3FA0E0501AB1F1FB00802D0A /* Release */,
			);
			defaultConfigurationIsVisible = 0;
			defaultConfigurationName = Release;
		};
		3FA0E0511AB1F1FB00802D0A /* Build configuration list for PBXNativeTarget "WakerCentralTests" */ = {
			isa = XCConfigurationList;
			buildConfigurations = (
				3FA0E0521AB1F1FB00802D0A /* Debug */,
				3FA0E0531AB1F1FB00802D0A /* Release */,
			);
			defaultConfigurationIsVisible = 0;
			defaultConfigurationName = Release;
		};
/* End XCConfigurationList section */
	};
	rootObject = 3FA0E0271AB1F1FB00802D0A /* Project object */;
}
